
Microsoft Visual Studio Solution File, Format Version 12.00
# Visual Studio Version 17
VisualStudioVersion = 17.4.33103.184
MinimumVisualStudioVersion = 10.0.40219.1
Project("{9A19103F-16F7-4668-BE54-9A1E7A4F7556}") = "BankId.Test", "BankId.Test.csproj", "{CF6F7166-9C0A-4039-9F4E-92C6790C8100}"
EndProject
Global
	GlobalSection(SolutionConfigurationPlatforms) = preSolution
		Debug|Any CPU = Debug|Any CPU
		Release|Any CPU = Release|Any CPU
	EndGlobalSection
	GlobalSection(ProjectConfigurationPlatforms) = postSolution
		{CF6F7166-9C0A-4039-9F4E-92C6790C8100}.Debug|Any CPU.ActiveCfg = Debug|Any CPU
		{CF6F7166-9C0A-4039-9F4E-92C6790C8100}.Debug|Any CPU.Build.0 = Debug|Any CPU
		{CF6F7166-9C0A-4039-9F4E-92C6790C8100}.Release|Any CPU.ActiveCfg = Release|Any CPU
		{CF6F7166-9C0A-4039-9F4E-92C6790C8100}.Release|Any CPU.Build.0 = Release|Any CPU
	EndGlobalSection
	GlobalSection(SolutionProperties) = preSolution
		HideSolutionNode = FALSE
	EndGlobalSection
	GlobalSection(ExtensibilityGlobals) = postSolution
		SolutionGuid = {AA8D3736-AE71-4A42-9713-4708817E3AEA}
	EndGlobalSection
EndGlobal
